
Microsoft Visual Studio Solution File, Format Version 12.00
# Visual Studio Version 17
VisualStudioVersion = 17.2.32630.192
MinimumVisualStudioVersion = 10.0.40219.1
Project("{FAE04EC0-301F-11D3-BF4B-00C04F79EFBC}") = "Estudiante.api", "Estudiante.api\Estudiante.api.csproj", "{A75752CB-2B97-4CB5-8DDB-00F67C0E9FA2}"
EndProject
Project("{FAE04EC0-301F-11D3-BF4B-00C04F79EFBC}") = "Estudiante.Business", "Estudiante.Business\Estudiante.Business.csproj", "{3AFC01DB-655D-407A-AAAD-196042F6B043}"
EndProject
Global
	GlobalSection(SolutionConfigurationPlatforms) = preSolution
		Debug|Any CPU = Debug|Any CPU
		Release|Any CPU = Release|Any CPU
	EndGlobalSection
	GlobalSection(ProjectConfigurationPlatforms) = postSolution
		{A75752CB-2B97-4CB5-8DDB-00F67C0E9FA2}.Debug|Any CPU.ActiveCfg = Debug|Any CPU
		{A75752CB-2B97-4CB5-8DDB-00F67C0E9FA2}.Debug|Any CPU.Build.0 = Debug|Any CPU
		{A75752CB-2B97-4CB5-8DDB-00F67C0E9FA2}.Release|Any CPU.ActiveCfg = Release|Any CPU
		{A75752CB-2B97-4CB5-8DDB-00F67C0E9FA2}.Release|Any CPU.Build.0 = Release|Any CPU
		{3AFC01DB-655D-407A-AAAD-196042F6B043}.Debug|Any CPU.ActiveCfg = Debug|Any CPU
		{3AFC01DB-655D-407A-AAAD-196042F6B043}.Debug|Any CPU.Build.0 = Debug|Any CPU
		{3AFC01DB-655D-407A-AAAD-196042F6B043}.Release|Any CPU.ActiveCfg = Release|Any CPU
		{3AFC01DB-655D-407A-AAAD-196042F6B043}.Release|Any CPU.Build.0 = Release|Any CPU
	EndGlobalSection
	GlobalSection(SolutionProperties) = preSolution
		HideSolutionNode = FALSE
	EndGlobalSection
	GlobalSection(ExtensibilityGlobals) = postSolution
		SolutionGuid = {BE8E23B7-C45A-4811-A84A-4CD43687773E}
	EndGlobalSection
EndGlobal
